{
    "_readme": [
        "This file locks the dependencies of your project to a known state",
        "Read more about it at https://getcomposer.org/doc/01-basic-usage.md#composer-lock-the-lock-file",
        "This file is @generated automatically"
    ],
    "content-hash": "f847ef4c84c4e9952a44ec82acbb5bf5",
    "packages": [
        {
            "name": "ckeditor/ckeditor",
            "version": "4.7.3",
            "source": {
                "type": "git",
                "url": "https://github.com/ckeditor/ckeditor-releases.git",
                "reference": "97b8f412f6b36985c734daf0717e81009a885dba"
            },
            "dist": {
                "type": "zip",
                "url": "https://api.github.com/repos/ckeditor/ckeditor-releases/zipball/97b8f412f6b36985c734daf0717e81009a885dba",
                "reference": "97b8f412f6b36985c734daf0717e81009a885dba",
                "shasum": ""
            },
            "type": "library",
            "notification-url": "https://packagist.org/downloads/",
            "license": [
                "GPL-2.0+",
                "LGPL-2.1+",
                "MPL-1.1+"
            ],
            "authors": [
                {
                    "name": "CKSource",
                    "homepage": "http://cksource.com"
                }
            ],
            "description": "JavaScript WYSIWYG web text editor.",
            "homepage": "http://ckeditor.com",
            "keywords": [
                "CKEditor",
                "editor",
                "fckeditor",
                "html",
                "javascript",
                "richtext",
                "text",
                "wysiwyg"
            ],
            "time": "2017-09-13T13:09:47+00:00"
        },
        {
            "name": "psr/log",
            "version": "1.0.2",
            "source": {
                "type": "git",
                "url": "https://github.com/php-fig/log.git",
                "reference": "4ebe3a8bf773a19edfe0a84b6585ba3d401b724d"
            },
            "dist": {
                "type": "zip",
                "url": "https://api.github.com/repos/php-fig/log/zipball/4ebe3a8bf773a19edfe0a84b6585ba3d401b724d",
                "reference": "4ebe3a8bf773a19edfe0a84b6585ba3d401b724d",
                "shasum": ""
            },
            "require": {
                "php": ">=5.3.0"
            },
            "type": "library",
            "extra": {
                "branch-alias": {
                    "dev-master": "1.0.x-dev"
                }
            },
            "autoload": {
                "psr-4": {
                    "Psr\\Log\\": "Psr/Log/"
                }
            },
            "notification-url": "https://packagist.org/downloads/",
            "license": [
                "MIT"
            ],
            "authors": [
                {
                    "name": "PHP-FIG",
                    "homepage": "http://www.php-fig.org/"
                }
            ],
            "description": "Common interface for logging libraries",
            "homepage": "https://github.com/php-fig/log",
            "keywords": [
                "log",
                "psr",
                "psr-3"
            ],
            "time": "2016-10-10T12:19:37+00:00"
        },
        {
            "name": "sunhater/kcfinder",
            "version": "dev-master",
            "source": {
                "type": "git",
                "url": "https://github.com/sunhater/kcfinder.git",
                "reference": "b645d2a81e647d63780c238b130593e32b4d95a9"
            },
            "dist": {
                "type": "zip",
                "url": "https://api.github.com/repos/sunhater/kcfinder/zipball/b645d2a81e647d63780c238b130593e32b4d95a9",
                "reference": "b645d2a81e647d63780c238b130593e32b4d95a9",
                "shasum": ""
            },
            "require": {
                "ext-gd": "*",
                "php": ">=5.3.0"
            },
            "suggest": {
                "ext-curl": "*",
                "ext-exif": "*",
                "ext-fileinfo": "*",
                "ext-gmagick": "*",
                "ext-http": "*",
                "ext-imagick": "*",
                "ext-sockets": "*",
                "ext-zip": "*"
            },
            "type": "library",
            "notification-url": "https://packagist.org/downloads/",
            "license": [
                "GPL-3.0+",
                "LGPL-3.0+"
            ],
            "authors": [
                {
                    "name": "Pavel Tzonkov",
                    "email": "sunhater@sunhater.com",
                    "homepage": "http://sunhater.com",
                    "role": "Developer"
                }
            ],
            "description": "KCFinder web file manager",
            "homepage": "http://kcfinder.sunhater.com",
            "keywords": [
                "explorer",
                "file",
                "file explorer",
                "file manager",
                "finder",
                "kcfinder",
                "manager"
            ],
            "time": "2014-09-27T18:47:34+00:00"
        }
    ],
    "packages-dev": [],
    "aliases": [],
    "minimum-stability": "stable",
    "stability-flags": {
        "sunhater/kcfinder": 20
    },
    "prefer-stable": false,
    "prefer-lowest": false,
    "platform": [],
    "platform-dev": []
}
